
Microsoft Visual Studio Solution File, Format Version 12.00
# Visual Studio 15
VisualStudioVersion = 15.0.27703.2000
MinimumVisualStudioVersion = 10.0.40219.1
Project("{9A19103F-16F7-4668-BE54-9A1E7A4F7556}") = "Suzianna.Core", "src\Suzianna.Core\Suzianna.Core.csproj", "{52547245-804F-4FD1-A376-3954151E99EC}"
EndProject
Project("{2150E333-8FDC-42A3-9474-1A3956D46DE8}") = "src", "src", "{115F2B78-6D70-47AD-B931-03F890315DCD}"
EndProject
Project("{2150E333-8FDC-42A3-9474-1A3956D46DE8}") = "test", "test", "{2095A416-8855-488C-BF39-AC663B80EF5D}"
EndProject
Project("{9A19103F-16F7-4668-BE54-9A1E7A4F7556}") = "Suzianna.Rest", "src\Suzianna.Rest\Suzianna.Rest.csproj", "{279076B4-CED9-4B15-9B77-835C13B95E1C}"
EndProject
Project("{9A19103F-16F7-4668-BE54-9A1E7A4F7556}") = "Suzianna.Core.Tests.Unit", "test\Suzianna.Core.Tests.Unit\Suzianna.Core.Tests.Unit.csproj", "{D12A4BDE-D5CB-40BC-8BF9-2BA57F4E7D78}"
EndProject
Project("{9A19103F-16F7-4668-BE54-9A1E7A4F7556}") = "Suzianna.Rest.Tests.Unit", "test\Suzianna.Rest.Tests.Unit\Suzianna.Rest.Tests.Unit.csproj", "{10A4D821-0756-435C-A1CD-CEFF712B7829}"
EndProject
Global
	GlobalSection(SolutionConfigurationPlatforms) = preSolution
		Debug|Any CPU = Debug|Any CPU
		Release|Any CPU = Release|Any CPU
	EndGlobalSection
	GlobalSection(ProjectConfigurationPlatforms) = postSolution
		{52547245-804F-4FD1-A376-3954151E99EC}.Debug|Any CPU.ActiveCfg = Debug|Any CPU
		{52547245-804F-4FD1-A376-3954151E99EC}.Debug|Any CPU.Build.0 = Debug|Any CPU
		{52547245-804F-4FD1-A376-3954151E99EC}.Release|Any CPU.ActiveCfg = Release|Any CPU
		{52547245-804F-4FD1-A376-3954151E99EC}.Release|Any CPU.Build.0 = Release|Any CPU
		{279076B4-CED9-4B15-9B77-835C13B95E1C}.Debug|Any CPU.ActiveCfg = Debug|Any CPU
		{279076B4-CED9-4B15-9B77-835C13B95E1C}.Debug|Any CPU.Build.0 = Debug|Any CPU
		{279076B4-CED9-4B15-9B77-835C13B95E1C}.Release|Any CPU.ActiveCfg = Release|Any CPU
		{279076B4-CED9-4B15-9B77-835C13B95E1C}.Release|Any CPU.Build.0 = Release|Any CPU
		{D12A4BDE-D5CB-40BC-8BF9-2BA57F4E7D78}.Debug|Any CPU.ActiveCfg = Debug|Any CPU
		{D12A4BDE-D5CB-40BC-8BF9-2BA57F4E7D78}.Debug|Any CPU.Build.0 = Debug|Any CPU
		{D12A4BDE-D5CB-40BC-8BF9-2BA57F4E7D78}.Release|Any CPU.ActiveCfg = Release|Any CPU
		{D12A4BDE-D5CB-40BC-8BF9-2BA57F4E7D78}.Release|Any CPU.Build.0 = Release|Any CPU
		{10A4D821-0756-435C-A1CD-CEFF712B7829}.Debug|Any CPU.ActiveCfg = Debug|Any CPU
		{10A4D821-0756-435C-A1CD-CEFF712B7829}.Debug|Any CPU.Build.0 = Debug|Any CPU
		{10A4D821-0756-435C-A1CD-CEFF712B7829}.Release|Any CPU.ActiveCfg = Release|Any CPU
		{10A4D821-0756-435C-A1CD-CEFF712B7829}.Release|Any CPU.Build.0 = Release|Any CPU
	EndGlobalSection
	GlobalSection(SolutionProperties) = preSolution
		HideSolutionNode = FALSE
	EndGlobalSection
	GlobalSection(NestedProjects) = preSolution
		{52547245-804F-4FD1-A376-3954151E99EC} = {115F2B78-6D70-47AD-B931-03F890315DCD}
		{279076B4-CED9-4B15-9B77-835C13B95E1C} = {115F2B78-6D70-47AD-B931-03F890315DCD}
		{D12A4BDE-D5CB-40BC-8BF9-2BA57F4E7D78} = {2095A416-8855-488C-BF39-AC663B80EF5D}
		{10A4D821-0756-435C-A1CD-CEFF712B7829} = {2095A416-8855-488C-BF39-AC663B80EF5D}
	EndGlobalSection
	GlobalSection(ExtensibilityGlobals) = postSolution
		SolutionGuid = {10110833-F56D-4316-BC70-01C3573FC979}
	EndGlobalSection
EndGlobal
