
Microsoft Visual Studio Solution File, Format Version 12.00
# Visual Studio Version 16
VisualStudioVersion = 16.0.28803.352
MinimumVisualStudioVersion = 10.0.40219.1
Project("{9A19103F-16F7-4668-BE54-9A1E7A4F7556}") = "Suzianna.Core", "src\Suzianna.Core\Suzianna.Core.csproj", "{52547245-804F-4FD1-A376-3954151E99EC}"
EndProject
Project("{2150E333-8FDC-42A3-9474-1A3956D46DE8}") = "src", "src", "{115F2B78-6D70-47AD-B931-03F890315DCD}"
EndProject
Project("{2150E333-8FDC-42A3-9474-1A3956D46DE8}") = "test", "test", "{2095A416-8855-488C-BF39-AC663B80EF5D}"
EndProject
Project("{9A19103F-16F7-4668-BE54-9A1E7A4F7556}") = "Suzianna.Rest", "src\Suzianna.Rest\Suzianna.Rest.csproj", "{279076B4-CED9-4B15-9B77-835C13B95E1C}"
EndProject
Project("{9A19103F-16F7-4668-BE54-9A1E7A4F7556}") = "Suzianna.Core.Tests.Unit", "test\Suzianna.Core.Tests.Unit\Suzianna.Core.Tests.Unit.csproj", "{D12A4BDE-D5CB-40BC-8BF9-2BA57F4E7D78}"
EndProject
Project("{9A19103F-16F7-4668-BE54-9A1E7A4F7556}") = "Suzianna.Rest.Tests.Unit", "test\Suzianna.Rest.Tests.Unit\Suzianna.Rest.Tests.Unit.csproj", "{10A4D821-0756-435C-A1CD-CEFF712B7829}"
EndProject
Project("{2150E333-8FDC-42A3-9474-1A3956D46DE8}") = "unit", "unit", "{370E192C-D0CA-492F-8BCA-F13A764ECC73}"
EndProject
Project("{2150E333-8FDC-42A3-9474-1A3956D46DE8}") = "integration", "integration", "{1D04D148-C088-4074-B3D4-2CF9AAB9BB73}"
EndProject
Project("{9A19103F-16F7-4668-BE54-9A1E7A4F7556}") = "Suzianna.Rest.Tests.Integration", "test\Suzianna.Rest.Tests.Integration\Suzianna.Rest.Tests.Integration.csproj", "{D4C869CF-7511-4E03-96B7-56E20117A478}"
EndProject
Project("{9A19103F-16F7-4668-BE54-9A1E7A4F7556}") = "Suzianna.Reporting", "src\Suzianna.Reporting\Suzianna.Reporting.csproj", "{D73B5F42-231C-4EE9-A5AD-63F648AEEEEA}"
EndProject
Project("{9A19103F-16F7-4668-BE54-9A1E7A4F7556}") = "Suzianna.Reporting.Tests.Unit", "test\Suzianna.Reporting.Tests.Unit\Suzianna.Reporting.Tests.Unit.csproj", "{CE9364BE-2354-4EBC-BF3F-2317C8DDA885}"
EndProject
Project("{9A19103F-16F7-4668-BE54-9A1E7A4F7556}") = "_build", "..\BuildScript\_build.csproj", "{495643A9-F1C4-491E-B6A1-7EB2E9F7EDE7}"
EndProject
Project("{2150E333-8FDC-42A3-9474-1A3956D46DE8}") = "build", "build", "{B343DED0-55B6-4E9C-9C7B-AA34A299D1F2}"
EndProject
Project("{9A19103F-16F7-4668-BE54-9A1E7A4F7556}") = "Suzianna.WebDriver", "src\Suzianna.WebDriver\Suzianna.WebDriver.csproj", "{8EFD1AFE-6185-41AA-9710-05D2696CAF67}"
EndProject
Project("{FAE04EC0-301F-11D3-BF4B-00C04F79EFBC}") = "Suzianna.WebDriver.Tests.Unit", "test\Suzianna.WebDriver.Tests.Unit\Suzianna.WebDriver.Tests.Unit.csproj", "{79F334ED-9D09-46CF-8692-2F6AC04FE403}"
EndProject
Global
	GlobalSection(SolutionConfigurationPlatforms) = preSolution
		Debug|Any CPU = Debug|Any CPU
		Release|Any CPU = Release|Any CPU
	EndGlobalSection
	GlobalSection(ProjectConfigurationPlatforms) = postSolution
		{52547245-804F-4FD1-A376-3954151E99EC}.Debug|Any CPU.ActiveCfg = Debug|Any CPU
		{52547245-804F-4FD1-A376-3954151E99EC}.Debug|Any CPU.Build.0 = Debug|Any CPU
		{52547245-804F-4FD1-A376-3954151E99EC}.Release|Any CPU.ActiveCfg = Release|Any CPU
		{52547245-804F-4FD1-A376-3954151E99EC}.Release|Any CPU.Build.0 = Release|Any CPU
		{279076B4-CED9-4B15-9B77-835C13B95E1C}.Debug|Any CPU.ActiveCfg = Debug|Any CPU
		{279076B4-CED9-4B15-9B77-835C13B95E1C}.Debug|Any CPU.Build.0 = Debug|Any CPU
		{279076B4-CED9-4B15-9B77-835C13B95E1C}.Release|Any CPU.ActiveCfg = Release|Any CPU
		{279076B4-CED9-4B15-9B77-835C13B95E1C}.Release|Any CPU.Build.0 = Release|Any CPU
		{D12A4BDE-D5CB-40BC-8BF9-2BA57F4E7D78}.Debug|Any CPU.ActiveCfg = Debug|Any CPU
		{D12A4BDE-D5CB-40BC-8BF9-2BA57F4E7D78}.Debug|Any CPU.Build.0 = Debug|Any CPU
		{D12A4BDE-D5CB-40BC-8BF9-2BA57F4E7D78}.Release|Any CPU.ActiveCfg = Release|Any CPU
		{D12A4BDE-D5CB-40BC-8BF9-2BA57F4E7D78}.Release|Any CPU.Build.0 = Release|Any CPU
		{10A4D821-0756-435C-A1CD-CEFF712B7829}.Debug|Any CPU.ActiveCfg = Debug|Any CPU
		{10A4D821-0756-435C-A1CD-CEFF712B7829}.Debug|Any CPU.Build.0 = Debug|Any CPU
		{10A4D821-0756-435C-A1CD-CEFF712B7829}.Release|Any CPU.ActiveCfg = Release|Any CPU
		{10A4D821-0756-435C-A1CD-CEFF712B7829}.Release|Any CPU.Build.0 = Release|Any CPU
		{D4C869CF-7511-4E03-96B7-56E20117A478}.Debug|Any CPU.ActiveCfg = Debug|Any CPU
		{D4C869CF-7511-4E03-96B7-56E20117A478}.Debug|Any CPU.Build.0 = Debug|Any CPU
		{D4C869CF-7511-4E03-96B7-56E20117A478}.Release|Any CPU.ActiveCfg = Release|Any CPU
		{D4C869CF-7511-4E03-96B7-56E20117A478}.Release|Any CPU.Build.0 = Release|Any CPU
		{D73B5F42-231C-4EE9-A5AD-63F648AEEEEA}.Debug|Any CPU.ActiveCfg = Debug|Any CPU
		{D73B5F42-231C-4EE9-A5AD-63F648AEEEEA}.Debug|Any CPU.Build.0 = Debug|Any CPU
		{D73B5F42-231C-4EE9-A5AD-63F648AEEEEA}.Release|Any CPU.ActiveCfg = Release|Any CPU
		{D73B5F42-231C-4EE9-A5AD-63F648AEEEEA}.Release|Any CPU.Build.0 = Release|Any CPU
		{CE9364BE-2354-4EBC-BF3F-2317C8DDA885}.Debug|Any CPU.ActiveCfg = Debug|Any CPU
		{CE9364BE-2354-4EBC-BF3F-2317C8DDA885}.Debug|Any CPU.Build.0 = Debug|Any CPU
		{CE9364BE-2354-4EBC-BF3F-2317C8DDA885}.Release|Any CPU.ActiveCfg = Release|Any CPU
		{CE9364BE-2354-4EBC-BF3F-2317C8DDA885}.Release|Any CPU.Build.0 = Release|Any CPU
		{495643A9-F1C4-491E-B6A1-7EB2E9F7EDE7}.Debug|Any CPU.ActiveCfg = Debug|Any CPU
		{495643A9-F1C4-491E-B6A1-7EB2E9F7EDE7}.Release|Any CPU.ActiveCfg = Release|Any CPU
		{8EFD1AFE-6185-41AA-9710-05D2696CAF67}.Debug|Any CPU.ActiveCfg = Debug|Any CPU
		{8EFD1AFE-6185-41AA-9710-05D2696CAF67}.Debug|Any CPU.Build.0 = Debug|Any CPU
		{8EFD1AFE-6185-41AA-9710-05D2696CAF67}.Release|Any CPU.ActiveCfg = Release|Any CPU
		{8EFD1AFE-6185-41AA-9710-05D2696CAF67}.Release|Any CPU.Build.0 = Release|Any CPU
		{79F334ED-9D09-46CF-8692-2F6AC04FE403}.Debug|Any CPU.ActiveCfg = Debug|Any CPU
		{79F334ED-9D09-46CF-8692-2F6AC04FE403}.Debug|Any CPU.Build.0 = Debug|Any CPU
		{79F334ED-9D09-46CF-8692-2F6AC04FE403}.Release|Any CPU.ActiveCfg = Release|Any CPU
		{79F334ED-9D09-46CF-8692-2F6AC04FE403}.Release|Any CPU.Build.0 = Release|Any CPU
	EndGlobalSection
	GlobalSection(SolutionProperties) = preSolution
		HideSolutionNode = FALSE
	EndGlobalSection
	GlobalSection(NestedProjects) = preSolution
		{52547245-804F-4FD1-A376-3954151E99EC} = {115F2B78-6D70-47AD-B931-03F890315DCD}
		{279076B4-CED9-4B15-9B77-835C13B95E1C} = {115F2B78-6D70-47AD-B931-03F890315DCD}
		{D12A4BDE-D5CB-40BC-8BF9-2BA57F4E7D78} = {370E192C-D0CA-492F-8BCA-F13A764ECC73}
		{10A4D821-0756-435C-A1CD-CEFF712B7829} = {370E192C-D0CA-492F-8BCA-F13A764ECC73}
		{370E192C-D0CA-492F-8BCA-F13A764ECC73} = {2095A416-8855-488C-BF39-AC663B80EF5D}
		{1D04D148-C088-4074-B3D4-2CF9AAB9BB73} = {2095A416-8855-488C-BF39-AC663B80EF5D}
		{D4C869CF-7511-4E03-96B7-56E20117A478} = {1D04D148-C088-4074-B3D4-2CF9AAB9BB73}
		{D73B5F42-231C-4EE9-A5AD-63F648AEEEEA} = {115F2B78-6D70-47AD-B931-03F890315DCD}
		{CE9364BE-2354-4EBC-BF3F-2317C8DDA885} = {370E192C-D0CA-492F-8BCA-F13A764ECC73}
		{495643A9-F1C4-491E-B6A1-7EB2E9F7EDE7} = {B343DED0-55B6-4E9C-9C7B-AA34A299D1F2}
		{8EFD1AFE-6185-41AA-9710-05D2696CAF67} = {115F2B78-6D70-47AD-B931-03F890315DCD}
		{79F334ED-9D09-46CF-8692-2F6AC04FE403} = {370E192C-D0CA-492F-8BCA-F13A764ECC73}
	EndGlobalSection
	GlobalSection(ExtensibilityGlobals) = postSolution
		SolutionGuid = {10110833-F56D-4316-BC70-01C3573FC979}
	EndGlobalSection
EndGlobal
